
Microsoft Visual Studio Solution File, Format Version 12.00
# Visual Studio Version 17
VisualStudioVersion = 17.9.34728.123
MinimumVisualStudioVersion = 10.0.40219.1
Project("{9A19103F-16F7-4668-BE54-9A1E7A4F7556}") = "Parking.Domain", "Parking.Domain\Parking.Domain.csproj", "{2A2F47CD-DF1A-4A67-B711-2557B391F4C2}"
EndProject
Project("{9A19103F-16F7-4668-BE54-9A1E7A4F7556}") = "Parking.Api", "Parking.Api\Parking.Api.csproj", "{C7CAE6F2-65CE-4522-9D66-EC3AC0D38E23}"
EndProject
Project("{9A19103F-16F7-4668-BE54-9A1E7A4F7556}") = "Parking.Application", "Parking.Application\Parking.Application.csproj", "{F1887C48-F372-4A2F-8378-E705ED7DB330}"
EndProject
Project("{FAE04EC0-301F-11D3-BF4B-00C04F79EFBC}") = "Parking.Infrastructure", "Parking.Infrastructure\Parking.Infrastructure.csproj", "{3B8611F7-5F47-4C20-9BD0-6753B742771F}"
EndProject
Global
	GlobalSection(SolutionConfigurationPlatforms) = preSolution
		Debug|Any CPU = Debug|Any CPU
		Release|Any CPU = Release|Any CPU
	EndGlobalSection
	GlobalSection(ProjectConfigurationPlatforms) = postSolution
		{2A2F47CD-DF1A-4A67-B711-2557B391F4C2}.Debug|Any CPU.ActiveCfg = Debug|Any CPU
		{2A2F47CD-DF1A-4A67-B711-2557B391F4C2}.Debug|Any CPU.Build.0 = Debug|Any CPU
		{2A2F47CD-DF1A-4A67-B711-2557B391F4C2}.Release|Any CPU.ActiveCfg = Release|Any CPU
		{2A2F47CD-DF1A-4A67-B711-2557B391F4C2}.Release|Any CPU.Build.0 = Release|Any CPU
		{C7CAE6F2-65CE-4522-9D66-EC3AC0D38E23}.Debug|Any CPU.ActiveCfg = Debug|Any CPU
		{C7CAE6F2-65CE-4522-9D66-EC3AC0D38E23}.Debug|Any CPU.Build.0 = Debug|Any CPU
		{C7CAE6F2-65CE-4522-9D66-EC3AC0D38E23}.Release|Any CPU.ActiveCfg = Release|Any CPU
		{C7CAE6F2-65CE-4522-9D66-EC3AC0D38E23}.Release|Any CPU.Build.0 = Release|Any CPU
		{F1887C48-F372-4A2F-8378-E705ED7DB330}.Debug|Any CPU.ActiveCfg = Debug|Any CPU
		{F1887C48-F372-4A2F-8378-E705ED7DB330}.Debug|Any CPU.Build.0 = Debug|Any CPU
		{F1887C48-F372-4A2F-8378-E705ED7DB330}.Release|Any CPU.ActiveCfg = Release|Any CPU
		{F1887C48-F372-4A2F-8378-E705ED7DB330}.Release|Any CPU.Build.0 = Release|Any CPU
		{3B8611F7-5F47-4C20-9BD0-6753B742771F}.Debug|Any CPU.ActiveCfg = Debug|Any CPU
		{3B8611F7-5F47-4C20-9BD0-6753B742771F}.Debug|Any CPU.Build.0 = Debug|Any CPU
		{3B8611F7-5F47-4C20-9BD0-6753B742771F}.Release|Any CPU.ActiveCfg = Release|Any CPU
		{3B8611F7-5F47-4C20-9BD0-6753B742771F}.Release|Any CPU.Build.0 = Release|Any CPU
	EndGlobalSection
	GlobalSection(SolutionProperties) = preSolution
		HideSolutionNode = FALSE
	EndGlobalSection
	GlobalSection(ExtensibilityGlobals) = postSolution
		SolutionGuid = {D6B27428-69A8-4068-8195-1D7C42BAF508}
	EndGlobalSection
EndGlobal
