
Microsoft Visual Studio Solution File, Format Version 12.00
# Visual Studio Version 17
VisualStudioVersion = 17.9.34728.123
MinimumVisualStudioVersion = 10.0.40219.1
Project("{FAE04EC0-301F-11D3-BF4B-00C04F79EFBC}") = "Parking", "Parking\Parking.csproj", "{675F8143-E2E8-43B1-A618-17417E2502B7}"
EndProject
Global
	GlobalSection(SolutionConfigurationPlatforms) = preSolution
		Debug|Any CPU = Debug|Any CPU
		Release|Any CPU = Release|Any CPU
	EndGlobalSection
	GlobalSection(ProjectConfigurationPlatforms) = postSolution
		{675F8143-E2E8-43B1-A618-17417E2502B7}.Debug|Any CPU.ActiveCfg = Debug|Any CPU
		{675F8143-E2E8-43B1-A618-17417E2502B7}.Debug|Any CPU.Build.0 = Debug|Any CPU
		{675F8143-E2E8-43B1-A618-17417E2502B7}.Release|Any CPU.ActiveCfg = Release|Any CPU
		{675F8143-E2E8-43B1-A618-17417E2502B7}.Release|Any CPU.Build.0 = Release|Any CPU
	EndGlobalSection
	GlobalSection(SolutionProperties) = preSolution
		HideSolutionNode = FALSE
	EndGlobalSection
	GlobalSection(ExtensibilityGlobals) = postSolution
		SolutionGuid = {D6B27428-69A8-4068-8195-1D7C42BAF508}
	EndGlobalSection
EndGlobal
